PODS:
  - Realm (2.2.0):
    - Realm/Headers (= 2.2.0)
  - Realm/Headers (2.2.0)
  - RealmSwift (2.2.0):
    - Realm (= 2.2.0)
  - SideMenuController (0.2.1)
  - XLPagerTabStrip (6.0.0)

DEPENDENCIES:
  - RealmSwift
  - SideMenuController
  - XLPagerTabStrip (~> 6.0)

SPEC CHECKSUMS:
  Realm: d95b8fb34c83f1e764b66d319277a62c2b6e4bf5
  RealmSwift: a4fa52d06e946a32ec746b3388374f742e6b8731
  SideMenuController: 4c543122289d74e1db9d1e24fd3264581fd6ac4e
  XLPagerTabStrip: c46e802a8dcac29edbcea573de8fe920e052455b

PODFILE CHECKSUM: f01aec9c9d293ecedb3f48dcb00076d54abb2f45

COCOAPODS: 1.1.1
